// !$*UTF8*$!
{
	archiveVersion = 1;
	classes = {
	};
	objectVersion = 77;
	objects = {

/* Begin PBXBuildFile section */
		3F087DD72F056A4600A89B00 /* WaitWhile in Frameworks */ = {isa = PBXBuildFile; productRef = 3F087DD62F056A4600A89B00 /* WaitWhile */; };
		3F3EF6312F0DC7740006853F /* AppIcon.icon in Resources */ = {isa = PBXBuildFile; fileRef = 3F3EF6302F0DC7740006853F /* AppIcon.icon */; };
		3FD854772F07333900513E78 /* SnapshotTesting in Frameworks */ = {isa = PBXBuildFile; productRef = 3FD854762F07333900513E78 /* SnapshotTesting */; };
/* End PBXBuildFile section */

/* Begin PBXContainerItemProxy section */
		3F9D929F2F0430A900CE33E5 /* PBXContainerItemProxy */ = {
			isa = PBXContainerItemProxy;
			containerPortal = 3F2700542F02DE14004C9E81 /* Project object */;
			proxyType = 1;
			remoteGlobalIDString = 3F27005B2F02DE14004C9E81;
			remoteInfo = TidBITSRSS26;
		};
/* End PBXContainerItemProxy section */

/* Begin PBXFileReference section */
		3F087DDD2F05755B00A89B00 /* TidBITSRSS26.xctestplan */ = {isa = PBXFileReference; lastKnownFileType = text; path = TidBITSRSS26.xctestplan; sourceTree = "<group>"; };
		3F27005C2F02DE14004C9E81 /* TidBITSRSS26.app */ = {isa = PBXFileReference; explicitFileType = wrapper.application; includeInIndex = 0; path = TidBITSRSS26.app; sourceTree = BUILT_PRODUCTS_DIR; };
		3F3EF6302F0DC7740006853F /* AppIcon.icon */ = {isa = PBXFileReference; lastKnownFileType = folder.iconcomposer.icon; path = AppIcon.icon; sourceTree = "<group>"; };
		3F9D929B2F0430A900CE33E5 /* TidBITSRSS26Tests.xctest */ = {isa = PBXFileReference; explicitFileType = wrapper.cfbundle; includeInIndex = 0; path = TidBITSRSS26Tests.xctest; sourceTree = BUILT_PRODUCTS_DIR; };
/* End PBXFileReference section */

/* Begin PBXFileSystemSynchronizedBuildFileExceptionSet section */
		3F27006E2F02DE15004C9E81 /* Exceptions for "TidBITSRSS26" folder in "TidBITSRSS26" target */ = {
			isa = PBXFileSystemSynchronizedBuildFileExceptionSet;
			additionalCompilerFlagsByRelativePath = {
				FeedParser/Extensions/NSDate_FeedParserExtensions.m = "-fno-objc-arc";
				FeedParser/Extensions/NSString_extensions.m = "-fno-objc-arc";
				FeedParser/FDPCategory.m = "-fno-objc-arc";
				FeedParser/FDPEnclosure.m = "-fno-objc-arc";
				FeedParser/FDPFeed.m = "-fno-objc-arc";
				FeedParser/FDPItem.m = "-fno-objc-arc";
				FeedParser/FDPLink.m = "-fno-objc-arc";
				FeedParser/FDPParser.m = "-fno-objc-arc";
				FeedParser/Internal/FDPXMLPair.m = "-fno-objc-arc";
				FeedParser/Internal/FDPXMLParser.m = "-fno-objc-arc";
				"FeedParser/XML Extensions/FDPExtensionElementNode.m" = "-fno-objc-arc";
				"FeedParser/XML Extensions/FDPExtensionNode.m" = "-fno-objc-arc";
				"FeedParser/XML Extensions/FDPExtensionTextNode.m" = "-fno-objc-arc";
			};
			membershipExceptions = (
				Info.plist,
			);
			target = 3F27005B2F02DE14004C9E81 /* TidBITSRSS26 */;
		};
/* End PBXFileSystemSynchronizedBuildFileExceptionSet section */

/* Begin PBXFileSystemSynchronizedRootGroup section */
		3F27005E2F02DE14004C9E81 /* TidBITSRSS26 */ = {
			isa = PBXFileSystemSynchronizedRootGroup;
			exceptions = (
				3F27006E2F02DE15004C9E81 /* Exceptions for "TidBITSRSS26" folder in "TidBITSRSS26" target */,
			);
			path = TidBITSRSS26;
			sourceTree = "<group>";
		};
		3F9D929C2F0430A900CE33E5 /* TidBITSRSS26Tests */ = {
			isa = PBXFileSystemSynchronizedRootGroup;
			path = TidBITSRSS26Tests;
			sourceTree = "<group>";
		};
/* End PBXFileSystemSynchronizedRootGroup section */

/* Begin PBXFrameworksBuildPhase section */
		3F2700592F02DE14004C9E81 /* Frameworks */ = {
			isa = PBXFrameworksBuildPhase;
			buildActionMask = 2147483647;
			files = (
			);
			runOnlyForDeploymentPostprocessing = 0;
		};
		3F9D92982F0430A900CE33E5 /* Frameworks */ = {
			isa = PBXFrameworksBuildPhase;
			buildActionMask = 2147483647;
			files = (
				3F087DD72F056A4600A89B00 /* WaitWhile in Frameworks */,
				3FD854772F07333900513E78 /* SnapshotTesting in Frameworks */,
			);
			runOnlyForDeploymentPostprocessing = 0;
		};
/* End PBXFrameworksBuildPhase section */

/* Begin PBXGroup section */
		3F2700532F02DE14004C9E81 = {
			isa = PBXGroup;
			children = (
				3F087DDD2F05755B00A89B00 /* TidBITSRSS26.xctestplan */,
				3F27005E2F02DE14004C9E81 /* TidBITSRSS26 */,
				3F9D929C2F0430A900CE33E5 /* TidBITSRSS26Tests */,
				3F27005D2F02DE14004C9E81 /* Products */,
				3F3EF6302F0DC7740006853F /* AppIcon.icon */,
			);
			sourceTree = "<group>";
		};
		3F27005D2F02DE14004C9E81 /* Products */ = {
			isa = PBXGroup;
			children = (
				3F27005C2F02DE14004C9E81 /* TidBITSRSS26.app */,
				3F9D929B2F0430A900CE33E5 /* TidBITSRSS26Tests.xctest */,
			);
			name = Products;
			sourceTree = "<group>";
		};
/* End PBXGroup section */

/* Begin PBXNativeTarget section */
		3F27005B2F02DE14004C9E81 /* TidBITSRSS26 */ = {
			isa = PBXNativeTarget;
			buildConfigurationList = 3F27006F2F02DE15004C9E81 /* Build configuration list for PBXNativeTarget "TidBITSRSS26" */;
			buildPhases = (
				3F2700582F02DE14004C9E81 /* Sources */,
				3F2700592F02DE14004C9E81 /* Frameworks */,
				3F27005A2F02DE14004C9E81 /* Resources */,
			);
			buildRules = (
			);
			dependencies = (
			);
			fileSystemSynchronizedGroups = (
				3F27005E2F02DE14004C9E81 /* TidBITSRSS26 */,
			);
			name = TidBITSRSS26;
			packageProductDependencies = (
			);
			productName = TidBITSRSS26;
			productReference = 3F27005C2F02DE14004C9E81 /* TidBITSRSS26.app */;
			productType = "com.apple.product-type.application";
		};
		3F9D929A2F0430A900CE33E5 /* TidBITSRSS26Tests */ = {
			isa = PBXNativeTarget;
			buildConfigurationList = 3F9D92A32F0430A900CE33E5 /* Build configuration list for PBXNativeTarget "TidBITSRSS26Tests" */;
			buildPhases = (
				3F9D92972F0430A900CE33E5 /* Sources */,
				3F9D92982F0430A900CE33E5 /* Frameworks */,
				3F9D92992F0430A900CE33E5 /* Resources */,
			);
			buildRules = (
			);
			dependencies = (
				3F9D92A02F0430A900CE33E5 /* PBXTargetDependency */,
			);
			fileSystemSynchronizedGroups = (
				3F9D929C2F0430A900CE33E5 /* TidBITSRSS26Tests */,
			);
			name = TidBITSRSS26Tests;
			packageProductDependencies = (
				3F087DD62F056A4600A89B00 /* WaitWhile */,
				3FD854762F07333900513E78 /* SnapshotTesting */,
			);
			productName = TidBITSRSS26Tests;
			productReference = 3F9D929B2F0430A900CE33E5 /* TidBITSRSS26Tests.xctest */;
			productType = "com.apple.product-type.bundle.unit-test";
		};
/* End PBXNativeTarget section */

/* Begin PBXProject section */
		3F2700542F02DE14004C9E81 /* Project object */ = {
			isa = PBXProject;
			attributes = {
				BuildIndependentTargetsInParallel = 1;
				LastSwiftUpdateCheck = 2620;
				LastUpgradeCheck = 2620;
				TargetAttributes = {
					3F27005B2F02DE14004C9E81 = {
						CreatedOnToolsVersion = 26.2;
					};
					3F9D929A2F0430A900CE33E5 = {
						CreatedOnToolsVersion = 26.2;
						TestTargetID = 3F27005B2F02DE14004C9E81;
					};
				};
			};
			buildConfigurationList = 3F2700572F02DE14004C9E81 /* Build configuration list for PBXProject "TidBITSRSS26" */;
			developmentRegion = en;
			hasScannedForEncodings = 0;
			knownRegions = (
				en,
				Base,
			);
			mainGroup = 3F2700532F02DE14004C9E81;
			minimizedProjectReferenceProxies = 1;
			packageReferences = (
				3F087DD52F056A4600A89B00 /* XCRemoteSwiftPackageReference "WaitWhile" */,
				3FD854752F07333900513E78 /* XCRemoteSwiftPackageReference "swift-snapshot-testing" */,
			);
			preferredProjectObjectVersion = 77;
			productRefGroup = 3F27005D2F02DE14004C9E81 /* Products */;
			projectDirPath = "";
			projectRoot = "";
			targets = (
				3F27005B2F02DE14004C9E81 /* TidBITSRSS26 */,
				3F9D929A2F0430A900CE33E5 /* TidBITSRSS26Tests */,
			);
		};
/* End PBXProject section */

/* Begin PBXResourcesBuildPhase section */
		3F27005A2F02DE14004C9E81 /* Resources */ = {
			isa = PBXResourcesBuildPhase;
			buildActionMask = 2147483647;
			files = (
				3F3EF6312F0DC7740006853F /* AppIcon.icon in Resources */,
			);
			runOnlyForDeploymentPostprocessing = 0;
		};
		3F9D92992F0430A900CE33E5 /* Resources */ = {
			isa = PBXResourcesBuildPhase;
			buildActionMask = 2147483647;
			files = (
			);
			runOnlyForDeploymentPostprocessing = 0;
		};
/* End PBXResourcesBuildPhase section */

/* Begin PBXSourcesBuildPhase section */
		3F2700582F02DE14004C9E81 /* Sources */ = {
			isa = PBXSourcesBuildPhase;
			buildActionMask = 2147483647;
			files = (
			);
			runOnlyForDeploymentPostprocessing = 0;
		};
		3F9D92972F0430A900CE33E5 /* Sources */ = {
			isa = PBXSourcesBuildPhase;
			buildActionMask = 2147483647;
			files = (
			);
			runOnlyForDeploymentPostprocessing = 0;
		};
/* End PBXSourcesBuildPhase section */

/* Begin PBXTargetDependency section */
		3F9D92A02F0430A900CE33E5 /* PBXTargetDependency */ = {
			isa = PBXTargetDependency;
			target = 3F27005B2F02DE14004C9E81 /* TidBITSRSS26 */;
			targetProxy = 3F9D929F2F0430A900CE33E5 /* PBXContainerItemProxy */;
		};
/* End PBXTargetDependency section */

/* Begin XCBuildConfiguration section */
		3F2700702F02DE15004C9E81 /* Debug */ = {
			isa = XCBuildConfiguration;
			buildSettings = {
				ASSETCATALOG_COMPILER_APPICON_NAME = AppIcon;
				ASSETCATALOG_COMPILER_GLOBAL_ACCENT_COLOR_NAME = AccentColor;
				CODE_SIGN_STYLE = Automatic;
				CURRENT_PROJECT_VERSION = 8;
				DEVELOPMENT_ASSET_PATHS = TidBITSRSS26/Resources/feed.txt;
				DEVELOPMENT_TEAM = W3LHX5RGV2;
				GENERATE_INFOPLIST_FILE = YES;
				INFOPLIST_FILE = TidBITSRSS26/Info.plist;
				INFOPLIST_KEY_CFBundleDisplayName = "TidBITS News";
				INFOPLIST_KEY_ITSAppUsesNonExemptEncryption = NO;
				INFOPLIST_KEY_UIApplicationSupportsIndirectInputEvents = YES;
				INFOPLIST_KEY_UILaunchStoryboardName = LaunchScreen;
				INFOPLIST_KEY_UIMainStoryboardFile = "";
				INFOPLIST_KEY_UISupportedInterfaceOrientations = UIInterfaceOrientationPortrait;
				INFOPLIST_KEY_UISupportedInterfaceOrientations_iPad = "UIInterfaceOrientationLandscapeLeft UIInterfaceOrientationLandscapeRight UIInterfaceOrientationPortrait UIInterfaceOrientationPortraitUpsideDown";
				IPHONEOS_DEPLOYMENT_TARGET = 26.0;
				LD_RUNPATH_SEARCH_PATHS = (
					"$(inherited)",
					"@executable_path/Frameworks",
				);
				MARKETING_VERSION = 2.6;
				PRODUCT_BUNDLE_IDENTIFIER = com.tidbits.tidbitsrss;
				PRODUCT_NAME = "$(TARGET_NAME)";
				STRING_CATALOG_GENERATE_SYMBOLS = YES;
				SWIFT_APPROACHABLE_CONCURRENCY = YES;
				SWIFT_DEFAULT_ACTOR_ISOLATION = MainActor;
				SWIFT_EMIT_LOC_STRINGS = YES;
				SWIFT_OBJC_BRIDGING_HEADER = "TidBITSRSS26/Bridging-Header.h";
				SWIFT_UPCOMING_FEATURE_MEMBER_IMPORT_VISIBILITY = YES;
				SWIFT_VERSION = 6.0;
				TARGETED_DEVICE_FAMILY = "1,2";
			};
			name = Debug;
		};
		3F2700712F02DE15004C9E81 /* Release */ = {
			isa = XCBuildConfiguration;
			buildSettings = {
				ASSETCATALOG_COMPILER_APPICON_NAME = AppIcon;
				ASSETCATALOG_COMPILER_GLOBAL_ACCENT_COLOR_NAME = AccentColor;
				CODE_SIGN_STYLE = Automatic;
				CURRENT_PROJECT_VERSION = 8;
				DEVELOPMENT_ASSET_PATHS = TidBITSRSS26/Resources/feed.txt;
				DEVELOPMENT_TEAM = W3LHX5RGV2;
				GENERATE_INFOPLIST_FILE = YES;
				INFOPLIST_FILE = TidBITSRSS26/Info.plist;
				INFOPLIST_KEY_CFBundleDisplayName = "TidBITS News";
				INFOPLIST_KEY_ITSAppUsesNonExemptEncryption = NO;
				INFOPLIST_KEY_UIApplicationSupportsIndirectInputEvents = YES;
				INFOPLIST_KEY_UILaunchStoryboardName = LaunchScreen;
				INFOPLIST_KEY_UIMainStoryboardFile = "";
				INFOPLIST_KEY_UISupportedInterfaceOrientations = UIInterfaceOrientationPortrait;
				INFOPLIST_KEY_UISupportedInterfaceOrientations_iPad = "UIInterfaceOrientationLandscapeLeft UIInterfaceOrientationLandscapeRight UIInterfaceOrientationPortrait UIInterfaceOrientationPortraitUpsideDown";
				IPHONEOS_DEPLOYMENT_TARGET = 26.0;
				LD_RUNPATH_SEARCH_PATHS = (
					"$(inherited)",
					"@executable_path/Frameworks",
				);
				MARKETING_VERSION = 2.6;
				PRODUCT_BUNDLE_IDENTIFIER = com.tidbits.tidbitsrss;
				PRODUCT_NAME = "$(TARGET_NAME)";
				STRING_CATALOG_GENERATE_SYMBOLS = YES;
				SWIFT_APPROACHABLE_CONCURRENCY = YES;
				SWIFT_DEFAULT_ACTOR_ISOLATION = MainActor;
				SWIFT_EMIT_LOC_STRINGS = YES;
				SWIFT_OBJC_BRIDGING_HEADER = "TidBITSRSS26/Bridging-Header.h";
				SWIFT_UPCOMING_FEATURE_MEMBER_IMPORT_VISIBILITY = YES;
				SWIFT_VERSION = 6.0;
				TARGETED_DEVICE_FAMILY = "1,2";
			};
			name = Release;
		};
		3F2700722F02DE15004C9E81 /* Debug */ = {
			isa = XCBuildConfiguration;
			buildSettings = {
				ALWAYS_SEARCH_USER_PATHS = NO;
				ASSETCATALOG_COMPILER_GENERATE_SWIFT_ASSET_SYMBOL_EXTENSIONS = YES;
				CLANG_ANALYZER_NONNULL = YES;
				CLANG_ANALYZER_NUMBER_OBJECT_CONVERSION = YES_AGGRESSIVE;
				CLANG_CXX_LANGUAGE_STANDARD = "gnu++20";
				CLANG_ENABLE_MODULES = YES;
				CLANG_ENABLE_OBJC_ARC = YES;
				CLANG_ENABLE_OBJC_WEAK = YES;
				CLANG_WARN_BLOCK_CAPTURE_AUTORELEASING = YES;
				CLANG_WARN_BOOL_CONVERSION = YES;
				CLANG_WARN_COMMA = YES;
				CLANG_WARN_CONSTANT_CONVERSION = YES;
				CLANG_WARN_DEPRECATED_OBJC_IMPLEMENTATIONS = YES;
				CLANG_WARN_DIRECT_OBJC_ISA_USAGE = YES_ERROR;
				CLANG_WARN_DOCUMENTATION_COMMENTS = YES;
				CLANG_WARN_EMPTY_BODY = YES;
				CLANG_WARN_ENUM_CONVERSION = YES;
				CLANG_WARN_INFINITE_RECURSION = YES;
				CLANG_WARN_INT_CONVERSION = YES;
				CLANG_WARN_NON_LITERAL_NULL_CONVERSION = YES;
				CLANG_WARN_OBJC_IMPLICIT_RETAIN_SELF = YES;
				CLANG_WARN_OBJC_LITERAL_CONVERSION = YES;
				CLANG_WARN_OBJC_ROOT_CLASS = YES_ERROR;
				CLANG_WARN_QUOTED_INCLUDE_IN_FRAMEWORK_HEADER = YES;
				CLANG_WARN_RANGE_LOOP_ANALYSIS = YES;
				CLANG_WARN_STRICT_PROTOTYPES = YES;
				CLANG_WARN_SUSPICIOUS_MOVE = YES;
				CLANG_WARN_UNGUARDED_AVAILABILITY = YES_AGGRESSIVE;
				CLANG_WARN_UNREACHABLE_CODE = YES;
				CLANG_WARN__DUPLICATE_METHOD_MATCH = YES;
				COPY_PHASE_STRIP = NO;
				DEBUG_INFORMATION_FORMAT = dwarf;
				DEVELOPMENT_TEAM = W3LHX5RGV2;
				ENABLE_STRICT_OBJC_MSGSEND = YES;
				ENABLE_TESTABILITY = YES;
				ENABLE_USER_SCRIPT_SANDBOXING = YES;
				GCC_C_LANGUAGE_STANDARD = gnu17;
				GCC_DYNAMIC_NO_PIC = NO;
				GCC_NO_COMMON_BLOCKS = YES;
				GCC_OPTIMIZATION_LEVEL = 0;
				GCC_PREPROCESSOR_DEFINITIONS = (
					"DEBUG=1",
					"$(inherited)",
				);
				GCC_WARN_64_TO_32_BIT_CONVERSION = YES;
				GCC_WARN_ABOUT_RETURN_TYPE = YES_ERROR;
				GCC_WARN_UNDECLARED_SELECTOR = YES;
				GCC_WARN_UNINITIALIZED_AUTOS = YES_AGGRESSIVE;
				GCC_WARN_UNUSED_FUNCTION = YES;
				GCC_WARN_UNUSED_VARIABLE = YES;
				IPHONEOS_DEPLOYMENT_TARGET = 26.2;
				LOCALIZATION_PREFERS_STRING_CATALOGS = YES;
				MTL_ENABLE_DEBUG_INFO = INCLUDE_SOURCE;
				MTL_FAST_MATH = YES;
				ONLY_ACTIVE_ARCH = YES;
				SDKROOT = iphoneos;
				SWIFT_ACTIVE_COMPILATION_CONDITIONS = "DEBUG $(inherited)";
				SWIFT_OPTIMIZATION_LEVEL = "-Onone";
			};
			name = Debug;
		};
		3F2700732F02DE15004C9E81 /* Release */ = {
			isa = XCBuildConfiguration;
			buildSettings = {
				ALWAYS_SEARCH_USER_PATHS = NO;
				ASSETCATALOG_COMPILER_GENERATE_SWIFT_ASSET_SYMBOL_EXTENSIONS = YES;
				CLANG_ANALYZER_NONNULL = YES;
				CLANG_ANALYZER_NUMBER_OBJECT_CONVERSION = YES_AGGRESSIVE;
				CLANG_CXX_LANGUAGE_STANDARD = "gnu++20";
				CLANG_ENABLE_MODULES = YES;
				CLANG_ENABLE_OBJC_ARC = YES;
				CLANG_ENABLE_OBJC_WEAK = YES;
				CLANG_WARN_BLOCK_CAPTURE_AUTORELEASING = YES;
				CLANG_WARN_BOOL_CONVERSION = YES;
				CLANG_WARN_COMMA = YES;
				CLANG_WARN_CONSTANT_CONVERSION = YES;
				CLANG_WARN_DEPRECATED_OBJC_IMPLEMENTATIONS = YES;
				CLANG_WARN_DIRECT_OBJC_ISA_USAGE = YES_ERROR;
				CLANG_WARN_DOCUMENTATION_COMMENTS = YES;
				CLANG_WARN_EMPTY_BODY = YES;
				CLANG_WARN_ENUM_CONVERSION = YES;
				CLANG_WARN_INFINITE_RECURSION = YES;
				CLANG_WARN_INT_CONVERSION = YES;
				CLANG_WARN_NON_LITERAL_NULL_CONVERSION = YES;
				CLANG_WARN_OBJC_IMPLICIT_RETAIN_SELF = YES;
				CLANG_WARN_OBJC_LITERAL_CONVERSION = YES;
				CLANG_WARN_OBJC_ROOT_CLASS = YES_ERROR;
				CLANG_WARN_QUOTED_INCLUDE_IN_FRAMEWORK_HEADER = YES;
				CLANG_WARN_RANGE_LOOP_ANALYSIS = YES;
				CLANG_WARN_STRICT_PROTOTYPES = YES;
				CLANG_WARN_SUSPICIOUS_MOVE = YES;
				CLANG_WARN_UNGUARDED_AVAILABILITY = YES_AGGRESSIVE;
				CLANG_WARN_UNREACHABLE_CODE = YES;
				CLANG_WARN__DUPLICATE_METHOD_MATCH = YES;
				COPY_PHASE_STRIP = NO;
				DEBUG_INFORMATION_FORMAT = "dwarf-with-dsym";
				DEVELOPMENT_TEAM = W3LHX5RGV2;
				ENABLE_NS_ASSERTIONS = NO;
				ENABLE_STRICT_OBJC_MSGSEND = YES;
				ENABLE_USER_SCRIPT_SANDBOXING = YES;
				GCC_C_LANGUAGE_STANDARD = gnu17;
				GCC_NO_COMMON_BLOCKS = YES;
				GCC_WARN_64_TO_32_BIT_CONVERSION = YES;
				GCC_WARN_ABOUT_RETURN_TYPE = YES_ERROR;
				GCC_WARN_UNDECLARED_SELECTOR = YES;
				GCC_WARN_UNINITIALIZED_AUTOS = YES_AGGRESSIVE;
				GCC_WARN_UNUSED_FUNCTION = YES;
				GCC_WARN_UNUSED_VARIABLE = YES;
				IPHONEOS_DEPLOYMENT_TARGET = 26.2;
				LOCALIZATION_PREFERS_STRING_CATALOGS = YES;
				MTL_ENABLE_DEBUG_INFO = NO;
				MTL_FAST_MATH = YES;
				SDKROOT = iphoneos;
				SWIFT_COMPILATION_MODE = wholemodule;
				VALIDATE_PRODUCT = YES;
			};
			name = Release;
		};
		3F9D92A12F0430A900CE33E5 /* Debug */ = {
			isa = XCBuildConfiguration;
			buildSettings = {
				BUNDLE_LOADER = "$(TEST_HOST)";
				CODE_SIGN_STYLE = Automatic;
				CURRENT_PROJECT_VERSION = 1;
				DEVELOPMENT_TEAM = W3LHX5RGV2;
				GENERATE_INFOPLIST_FILE = YES;
				MARKETING_VERSION = 1.0;
				PRODUCT_BUNDLE_IDENTIFIER = com.neuburg.matt.TidBITSRSS26Tests;
				PRODUCT_NAME = "$(TARGET_NAME)";
				STRING_CATALOG_GENERATE_SYMBOLS = NO;
				SWIFT_APPROACHABLE_CONCURRENCY = YES;
				SWIFT_DEFAULT_ACTOR_ISOLATION = MainActor;
				SWIFT_EMIT_LOC_STRINGS = NO;
				SWIFT_OBJC_BRIDGING_HEADER = "";
				SWIFT_UPCOMING_FEATURE_MEMBER_IMPORT_VISIBILITY = YES;
				SWIFT_VERSION = 6.0;
				TARGETED_DEVICE_FAMILY = "1,2";
				TEST_HOST = "$(BUILT_PRODUCTS_DIR)/TidBITSRSS26.app/$(BUNDLE_EXECUTABLE_FOLDER_PATH)/TidBITSRSS26";
			};
			name = Debug;
		};
		3F9D92A22F0430A900CE33E5 /* Release */ = {
			isa = XCBuildConfiguration;
			buildSettings = {
				BUNDLE_LOADER = "$(TEST_HOST)";
				CODE_SIGN_STYLE = Automatic;
				CURRENT_PROJECT_VERSION = 1;
				DEVELOPMENT_TEAM = W3LHX5RGV2;
				GENERATE_INFOPLIST_FILE = YES;
				MARKETING_VERSION = 1.0;
				PRODUCT_BUNDLE_IDENTIFIER = com.neuburg.matt.TidBITSRSS26Tests;
				PRODUCT_NAME = "$(TARGET_NAME)";
				STRING_CATALOG_GENERATE_SYMBOLS = NO;
				SWIFT_APPROACHABLE_CONCURRENCY = YES;
				SWIFT_DEFAULT_ACTOR_ISOLATION = MainActor;
				SWIFT_EMIT_LOC_STRINGS = NO;
				SWIFT_OBJC_BRIDGING_HEADER = "";
				SWIFT_UPCOMING_FEATURE_MEMBER_IMPORT_VISIBILITY = YES;
				SWIFT_VERSION = 6.0;
				TARGETED_DEVICE_FAMILY = "1,2";
				TEST_HOST = "$(BUILT_PRODUCTS_DIR)/TidBITSRSS26.app/$(BUNDLE_EXECUTABLE_FOLDER_PATH)/TidBITSRSS26";
			};
			name = Release;
		};
/* End XCBuildConfiguration section */

/* Begin XCConfigurationList section */
		3F2700572F02DE14004C9E81 /* Build configuration list for PBXProject "TidBITSRSS26" */ = {
			isa = XCConfigurationList;
			buildConfigurations = (
				3F2700722F02DE15004C9E81 /* Debug */,
				3F2700732F02DE15004C9E81 /* Release */,
			);
			defaultConfigurationIsVisible = 0;
			defaultConfigurationName = Release;
		};
		3F27006F2F02DE15004C9E81 /* Build configuration list for PBXNativeTarget "TidBITSRSS26" */ = {
			isa = XCConfigurationList;
			buildConfigurations = (
				3F2700702F02DE15004C9E81 /* Debug */,
				3F2700712F02DE15004C9E81 /* Release */,
			);
			defaultConfigurationIsVisible = 0;
			defaultConfigurationName = Release;
		};
		3F9D92A32F0430A900CE33E5 /* Build configuration list for PBXNativeTarget "TidBITSRSS26Tests" */ = {
			isa = XCConfigurationList;
			buildConfigurations = (
				3F9D92A12F0430A900CE33E5 /* Debug */,
				3F9D92A22F0430A900CE33E5 /* Release */,
			);
			defaultConfigurationIsVisible = 0;
			defaultConfigurationName = Release;
		};
/* End XCConfigurationList section */

/* Begin XCRemoteSwiftPackageReference section */
		3F087DD52F056A4600A89B00 /* XCRemoteSwiftPackageReference "WaitWhile" */ = {
			isa = XCRemoteSwiftPackageReference;
			repositoryURL = "https://github.com/mattneub/WaitWhile";
			requirement = {
				branch = main;
				kind = branch;
			};
		};
		3FD854752F07333900513E78 /* XCRemoteSwiftPackageReference "swift-snapshot-testing" */ = {
			isa = XCRemoteSwiftPackageReference;
			repositoryURL = "https://github.com/pointfreeco/swift-snapshot-testing";
			requirement = {
				kind = upToNextMajorVersion;
				minimumVersion = 1.18.7;
			};
		};
/* End XCRemoteSwiftPackageReference section */

/* Begin XCSwiftPackageProductDependency section */
		3F087DD62F056A4600A89B00 /* WaitWhile */ = {
			isa = XCSwiftPackageProductDependency;
			package = 3F087DD52F056A4600A89B00 /* XCRemoteSwiftPackageReference "WaitWhile" */;
			productName = WaitWhile;
		};
		3FD854762F07333900513E78 /* SnapshotTesting */ = {
			isa = XCSwiftPackageProductDependency;
			package = 3FD854752F07333900513E78 /* XCRemoteSwiftPackageReference "swift-snapshot-testing" */;
			productName = SnapshotTesting;
		};
/* End XCSwiftPackageProductDependency section */
	};
	rootObject = 3F2700542F02DE14004C9E81 /* Project object */;
}
